{
    "_readme": [
        "This file locks the dependencies of your project to a known state",
        "Read more about it at http://getcomposer.org/doc/01-basic-usage.md#composer-lock-the-lock-file"
    ],
    "hash": "240b66faa2f7ac1616faf83b5f7568b3",
    "packages": [
        {
            "name": "abraham/twitteroauth",
            "version": "dev-add-composer-json",
            "source": {
                "type": "git",
                "url": "https://github.com/tomohikosato/twitteroauth.git",
                "reference": "cc2449455b91890ee48eff68c3d5270530e64ed8"
            },
            "dist": {
                "type": "zip",
                "url": "https://api.github.com/repos/tomohikosato/twitteroauth/zipball/cc2449455b91890ee48eff68c3d5270530e64ed8",
                "reference": "cc2449455b91890ee48eff68c3d5270530e64ed8",
                "shasum": ""
            },
            "require": {
                "php": ">=5.3.2"
            },
            "type": "package",
            "autoload": {
                "files": [
                    "twitteroauth/twitteroauth.php"
                ]
            },
            "notification-url": "https://packagist.org/downloads/",
            "license": [
                "MIT"
            ],
            "authors": [
                {
                    "name": "Abraham Williams",
                    "email": "abraham@abrah.am",
                    "homepage": "http://abrah.am",
                    "role": "Developer"
                }
            ],
            "description": "Twitter oauth",
            "keywords": [
                "Twitter API",
                "Twitter oAuth"
            ],
            "time": "2012-11-19 02:41:52"
        },
        {
            "name": "vlucas/phpdotenv",
            "version": "1.0.2",
            "source": {
                "type": "git",
                "url": "https://github.com/vlucas/phpdotenv.git",
                "reference": "da70617b13f1c5d1a89357e275097f24e7c089e0"
            },
            "dist": {
                "type": "zip",
                "url": "https://api.github.com/repos/vlucas/phpdotenv/zipball/da70617b13f1c5d1a89357e275097f24e7c089e0",
                "reference": "da70617b13f1c5d1a89357e275097f24e7c089e0",
                "shasum": ""
            },
            "require": {
                "php": ">=5.3.2"
            },
            "type": "library",
            "autoload": {
                "psr-0": {
                    "Dotenv": "src/"
                }
            },
            "notification-url": "https://packagist.org/downloads/",
            "license": [
                "BSD"
            ],
            "authors": [
                {
                    "name": "Vance Lucas",
                    "email": "vance@vancelucas.com",
                    "homepage": "http://www.vancelucas.com"
                }
            ],
            "description": "Loads environment variables from `.env` to `getenv()`, `$_ENV` and `$_SERVER` automagically.",
            "homepage": "http://github.com/vlucas/phpdotenv",
            "keywords": [
                "dotenv",
                "env",
                "environment"
            ],
            "time": "2013-08-12 19:16:15"
        }
    ],
    "packages-dev": [

    ],
    "aliases": [

    ],
    "minimum-stability": "stable",
    "stability-flags": {
        "abraham/twitteroauth": 20
    },
    "platform": [

    ],
    "platform-dev": [

    ]
}
